<?xml version="1.0" encoding="utf-8"?>
<Project ToolsVersion="4.0" xmlns="http://schemas.microsoft.com/developer/msbuild/2003">
  <ItemGroup>
    <Filter Include="Source Files">
      <UniqueIdentifier>{4FC737F1-C7A5-4376-A066-2A32D752A2FF}</UniqueIdentifier>
      <Extensions>cpp;c;cc;cxx;c++;cppm;ixx;def;odl;idl;hpj;bat;asm;asmx</Extensions>
    </Filter>
    <Filter Include="Header Files">
      <UniqueIdentifier>{93995380-89BD-4b04-88EB-625FBE52EBFB}</UniqueIdentifier>
      <Extensions>h;hh;hpp;hxx;h++;hm;inl;inc;ipp;xsd</Extensions>
    </Filter>
    <Filter Include="Resource Files">
      <UniqueIdentifier>{67DA6AB6-F800-4c08-8B7A-83BB121AAD01}</UniqueIdentifier>
      <Extensions>rc;ico;cur;bmp;dlg;rc2;rct;bin;rgs;gif;jpg;jpeg;jpe;resx;tiff;tif;png;wav;mfcribbon-ms</Extensions>
    </Filter>
  </ItemGroup>
  <ItemGroup>
    <ClCompile Include="bgw_player.cpp">
      <Filter>Source Files</Filter>
    </ClCompile>
    <ClCompile Include="main.cpp">
      <Filter>Source Files</Filter>
    </ClCompile>
    <ClCompile Include="CNoeR3000A.cpp">
      <Filter>Source Files</Filter>
    </ClCompile>
    <ClCompile Include="model_ff11.cpp">
      <Filter>Source Files</Filter>
    </ClCompile>
    <ClCompile Include="model_ff11_fixed.cpp">
      <Filter>Source Files</Filter>
    </ClCompile>
    <ClCompile Include="noesis_rapi.cpp">
      <Filter>Source Files</Filter>
    </ClCompile>
    <ClCompile Include="stdafx.cpp">
      <Filter>Source Files</Filter>
    </ClCompile>
    <ClCompile Include="ffxi_lore_zone_dat_crossref.cpp">
      <Filter>Source Files</Filter>
    </ClCompile>
    <ClCompile Include="ffxi_stat_system.cpp">
      <Filter>Source Files</Filter>
    </ClCompile>
    <ClCompile Include="ffxi_resource.cpp">
      <Filter>Source Files</Filter>
    </ClCompile>
  </ItemGroup>
  <ItemGroup>
    <ClInclude Include="bgw_player.h">
      <Filter>Header Files</Filter>
    </ClInclude>
    <ClInclude Include="character_creation_dat_table.h">
      <Filter>Header Files</Filter>
    </ClInclude>
    <ClInclude Include="CNoeR3000A.h">
      <Filter>Header Files</Filter>
    </ClInclude>
    <ClInclude Include="model_ff11.h">
      <Filter>Header Files</Filter>
    </ClInclude>
    <ClInclude Include="model_ff11_common.inl">
      <Filter>Header Files</Filter>
    </ClInclude>
    <ClInclude Include="model_ff11_creation.inl">
      <Filter>Header Files</Filter>
    </ClInclude>
    <ClInclude Include="model_ff11_decrypt.h">
      <Filter>Header Files</Filter>
    </ClInclude>
    <ClInclude Include="model_ff11_geo.inl">
      <Filter>Header Files</Filter>
    </ClInclude>
    <ClInclude Include="model_ff11_loader.inl">
      <Filter>Header Files</Filter>
    </ClInclude>
    <ClInclude Include="model_ff11_map.inl">
      <Filter>Header Files</Filter>
    </ClInclude>
    <ClInclude Include="model_ff11_skeleton_animation.inl">
      <Filter>Header Files</Filter>
    </ClInclude>
    <ClInclude Include="model_ff11_texture.inl">
      <Filter>Header Files</Filter>
    </ClInclude>
    <ClInclude Include="noesis_rapi.h">
      <Filter>Header Files</Filter>
    </ClInclude>
    <ClInclude Include="stdafx.h">
      <Filter>Header Files</Filter>
    </ClInclude>
    <ClInclude Include="targetver.h">
      <Filter>Header Files</Filter>
    </ClInclude>
    <ClInclude Include="zone_dat_table.h">
      <Filter>Header Files</Filter>
    </ClInclude>
    <ClInclude Include="zone_music_table.h">
      <Filter>Header Files</Filter>
    </ClInclude>
    <ClInclude Include="resource.h">
      <Filter>Header Files</Filter>
    </ClInclude>
    <ClInclude Include="character_dat_table.h">
      <Filter>Header Files</Filter>
    </ClInclude>
    <ClInclude Include="ffxi_lore_zone_dat_crossref.h">
      <Filter>Header Files</Filter>
    </ClInclude>
    <ClInclude Include="ffxi_internal_lists.h">
      <Filter>Header Files</Filter>
    </ClInclude>
    <ClInclude Include="ffxi_stat_system.h">
      <Filter>Header Files</Filter>
    </ClInclude>
    <ClInclude Include="ffxi_resource.h">
      <Filter>Header Files</Filter>
    </ClInclude>
  </ItemGroup>
  <ItemGroup>
    <ResourceCompile Include="DATura.rc">
      <Filter>Resource Files</Filter>
    </ResourceCompile>
  </ItemGroup>
  <ItemGroup>
    <Image Include="DATura.ico">
      <Filter>Resource Files</Filter>
    </Image>
    <Image Include="DATura-icon-source.png">
      <Filter>Resource Files</Filter>
    </Image>
  </ItemGroup>
  <ItemGroup>
    <None Include="..\LICENSE" />
    <None Include="..\THIRD_PARTY_NOTICES.md" />
    <None Include="Vulture_DAT_Extractor.cs">
      <Filter>Source Files</Filter>
    </None>
  </ItemGroup>
</Project>
